<?xml version="1.0" encoding="utf-8"?>
<Project ToolsVersion="4.0" xmlns="http://schemas.microsoft.com/developer/msbuild/2003">
  <ItemGroup>
    <Filter Include="TrainingFramework\src">
      <UniqueIdentifier>{8a7743df-99d6-42d7-8300-83c77d25c345}</UniqueIdentifier>
    </Filter>
    <Filter Include="TrainingFramework">
      <UniqueIdentifier>{b7c91549-da04-4eee-96da-520fa8f75a57}</UniqueIdentifier>
    </Filter>
    <Filter Include="TrainingFramework\src\GameObject">
      <UniqueIdentifier>{486a991c-381d-4836-b7f7-6a9b4c66f5d8}</UniqueIdentifier>
    </Filter>
    <Filter Include="TrainingFramework\src\GameManager">
      <UniqueIdentifier>{7027cc7e-3941-43d3-9fd3-7009a76c222b}</UniqueIdentifier>
    </Filter>
  </ItemGroup>
  <ItemGroup>
    <ClCompile Include="src\Application.cpp">
      <Filter>TrainingFramework\src</Filter>
    </ClCompile>
    <ClCompile Include="src\TrainingFramework.cpp">
      <Filter>TrainingFramework\src</Filter>
    </ClCompile>
    <ClCompile Include="src\GameObject\Sprite2D.cpp">
      <Filter>TrainingFramework\src\GameObject</Filter>
    </ClCompile>
    <ClCompile Include="src\GameObject\Camera.cpp">
      <Filter>TrainingFramework\src\GameObject</Filter>
    </ClCompile>
    <ClCompile Include="src\GameObject\Sprite3D.cpp">
      <Filter>TrainingFramework\src\GameObject</Filter>
    </ClCompile>
    <ClCompile Include="src\GameObject\Models.cpp">
      <Filter>TrainingFramework\src\GameObject</Filter>
    </ClCompile>
    <ClCompile Include="src\GameObject\Shaders.cpp">
      <Filter>TrainingFramework\src\GameObject</Filter>
    </ClCompile>
    <ClCompile Include="src\GameObject\Texture.cpp">
      <Filter>TrainingFramework\src\GameObject</Filter>
    </ClCompile>
    <ClCompile Include="Sphere.cpp" />
  </ItemGroup>
  <ItemGroup>
    <ClInclude Include="src\Application.h">
      <Filter>TrainingFramework\src</Filter>
    </ClInclude>
    <ClInclude Include="src\GameConfig.h">
      <Filter>TrainingFramework\src</Filter>
    </ClInclude>
    <ClInclude Include="src\GameManager\Singleton.h">
      <Filter>TrainingFramework\src\GameManager</Filter>
    </ClInclude>
    <ClInclude Include="src\GameObject\BaseObject.h">
      <Filter>TrainingFramework\src\GameObject</Filter>
    </ClInclude>
    <ClInclude Include="src\GameObject\Sprite2D.h">
      <Filter>TrainingFramework\src\GameObject</Filter>
    </ClInclude>
    <ClInclude Include="src\GameObject\Camera.h">
      <Filter>TrainingFramework\src\GameObject</Filter>
    </ClInclude>
    <ClInclude Include="src\GameObject\Sprite3D.h">
      <Filter>TrainingFramework\src\GameObject</Filter>
    </ClInclude>
    <ClInclude Include="src\GameObject\Models.h">
      <Filter>TrainingFramework\src\GameObject</Filter>
    </ClInclude>
    <ClInclude Include="src\GameObject\Shaders.h">
      <Filter>TrainingFramework\src\GameObject</Filter>
    </ClInclude>
    <ClInclude Include="src\GameObject\Texture.h">
      <Filter>TrainingFramework\src\GameObject</Filter>
    </ClInclude>
    <ClInclude Include="src\GameObject\Vertex.h">
      <Filter>TrainingFramework\src\GameObject</Filter>
    </ClInclude>
    <ClInclude Include="Sphere.h">
      <Filter>TrainingFramework\src\GameObject</Filter>
    </ClInclude>
  </ItemGroup>
  <ItemGroup>
    <None Include="ClassDiagram.cd" />
  </ItemGroup>
</Project>